<?xml version="1.0" encoding="utf-8"?>
<Project ToolsVersion="4.0" xmlns="http://schemas.microsoft.com/developer/msbuild/2003">
  <ItemGroup>
    <ClCompile Include="src\ofApp.cpp">
      <Filter>src</Filter>
    </ClCompile>
    <ClCompile Include="src\main.cpp">
      <Filter>src</Filter>
    </ClCompile>
    <ClCompile Include="..\src\BeatMarker.cpp">
      <Filter>src</Filter>
    </ClCompile>
    <ClCompile Include="..\src\BounceWord.cpp">
      <Filter>src</Filter>
    </ClCompile>
    <ClCompile Include="..\src\Bpm.cpp">
      <Filter>src</Filter>
    </ClCompile>
    <ClCompile Include="..\src\Bpm2.cpp">
      <Filter>src</Filter>
    </ClCompile>
    <ClCompile Include="..\src\Buckshot.cpp">
      <Filter>src</Filter>
    </ClCompile>
    <ClCompile Include="..\src\BuckshotHit.cpp">
      <Filter>src</Filter>
    </ClCompile>
    <ClCompile Include="..\src\ChaserHit.cpp">
      <Filter>src</Filter>
    </ClCompile>
    <ClCompile Include="..\src\ClapHit.cpp">
      <Filter>src</Filter>
    </ClCompile>
    <ClCompile Include="..\src\CrystalHit.cpp">
      <Filter>src</Filter>
    </ClCompile>
    <ClCompile Include="..\src\DotPolygonHit.cpp">
      <Filter>src</Filter>
    </ClCompile>
    <ClCompile Include="..\src\DrunkTriangleHit.cpp">
      <Filter>src</Filter>
    </ClCompile>
    <ClCompile Include="..\src\FillCircle.cpp">
      <Filter>src</Filter>
    </ClCompile>
    <ClCompile Include="..\src\Grape.cpp">
      <Filter>src</Filter>
    </ClCompile>
    <ClCompile Include="..\src\GrapesHit.cpp">
      <Filter>src</Filter>
    </ClCompile>
    <ClCompile Include="..\src\Hit.cpp">
      <Filter>src</Filter>
    </ClCompile>
    <ClCompile Include="..\src\Logo.cpp">
      <Filter>src</Filter>
    </ClCompile>
    <ClCompile Include="..\src\QuickLine.cpp">
      <Filter>src</Filter>
    </ClCompile>
    <ClCompile Include="..\src\Sequencer.cpp">
      <Filter>src</Filter>
    </ClCompile>
    <ClCompile Include="..\src\SizzleHit.cpp">
      <Filter>src</Filter>
    </ClCompile>
    <ClCompile Include="..\src\SlashHit.cpp">
      <Filter>src</Filter>
    </ClCompile>
    <ClCompile Include="..\src\SoundButton.cpp">
      <Filter>src</Filter>
    </ClCompile>
    <ClCompile Include="..\src\SquareHit.cpp">
      <Filter>src</Filter>
    </ClCompile>
    <ClCompile Include="..\src\StepModeIcons.cpp">
      <Filter>src</Filter>
    </ClCompile>
    <ClCompile Include="..\src\SweepHit.cpp">
      <Filter>src</Filter>
    </ClCompile>
    <ClCompile Include="..\src\TouchGeneralButton.cpp">
      <Filter>src</Filter>
    </ClCompile>
    <ClCompile Include="..\src\TrapezoidHit.cpp">
      <Filter>src</Filter>
    </ClCompile>
    <ClCompile Include="..\src\TriangleHit.cpp">
      <Filter>src</Filter>
    </ClCompile>
    <ClCompile Include="..\src\TunnelHit.cpp">
      <Filter>src</Filter>
    </ClCompile>
    <ClCompile Include="..\src\WaveColumnHit.cpp">
      <Filter>src</Filter>
    </ClCompile>
    <ClCompile Include="..\src\AboutScreen.cpp">
      <Filter>src</Filter>
    </ClCompile>
    <ClCompile Include="..\ofxMaxim\libs\fft.cpp">
      <Filter>src</Filter>
    </ClCompile>
    <ClCompile Include="..\ofxMaxim\libs\maxiAtoms.cpp">
      <Filter>src</Filter>
    </ClCompile>
    <ClCompile Include="..\ofxMaxim\libs\maxiBark.cpp">
      <Filter>src</Filter>
    </ClCompile>
    <ClCompile Include="..\ofxMaxim\libs\maxiFFT.cpp">
      <Filter>src</Filter>
    </ClCompile>
    <ClCompile Include="..\ofxMaxim\libs\maxiGrains.cpp">
      <Filter>src</Filter>
    </ClCompile>
    <ClCompile Include="..\ofxMaxim\libs\maxiMFCC.cpp">
      <Filter>src</Filter>
    </ClCompile>
    <ClCompile Include="..\ofxMaxim\libs\maximilian.cpp">
      <Filter>src</Filter>
    </ClCompile>
    <ClCompile Include="..\ofxMaxim\libs\stb_vorbis.c">
      <Filter>src</Filter>
    </ClCompile>
    <ClCompile Include="..\src\ArduinoManager.cpp">
      <Filter>src</Filter>
    </ClCompile>
  </ItemGroup>
  <ItemGroup>
    <Filter Include="src">
      <UniqueIdentifier>{d8376475-7454-4a24-b08a-aac121d3ad6f}</UniqueIdentifier>
    </Filter>
  </ItemGroup>
  <ItemGroup>
    <ClInclude Include="src\ofApp.h">
      <Filter>src</Filter>
    </ClInclude>
    <ClInclude Include="..\src\BeatMarker.hpp">
      <Filter>src</Filter>
    </ClInclude>
    <ClInclude Include="..\src\BounceWord.hpp">
      <Filter>src</Filter>
    </ClInclude>
    <ClInclude Include="..\src\Bpm.hpp">
      <Filter>src</Filter>
    </ClInclude>
    <ClInclude Include="..\src\Bpm2.hpp">
      <Filter>src</Filter>
    </ClInclude>
    <ClInclude Include="..\src\Buckshot.hpp">
      <Filter>src</Filter>
    </ClInclude>
    <ClInclude Include="..\src\BuckshotHit.hpp">
      <Filter>src</Filter>
    </ClInclude>
    <ClInclude Include="..\src\ChaserHit.hpp">
      <Filter>src</Filter>
    </ClInclude>
    <ClInclude Include="..\src\ClapHit.hpp">
      <Filter>src</Filter>
    </ClInclude>
    <ClInclude Include="..\src\CrystalHit.hpp">
      <Filter>src</Filter>
    </ClInclude>
    <ClInclude Include="..\src\DotPolygonHit.hpp">
      <Filter>src</Filter>
    </ClInclude>
    <ClInclude Include="..\src\DrunkTriangleHit.hpp">
      <Filter>src</Filter>
    </ClInclude>
    <ClInclude Include="..\src\FillCircle.hpp">
      <Filter>src</Filter>
    </ClInclude>
    <ClInclude Include="..\src\Grape.hpp">
      <Filter>src</Filter>
    </ClInclude>
    <ClInclude Include="..\src\GrapesHit.hpp">
      <Filter>src</Filter>
    </ClInclude>
    <ClInclude Include="..\src\Hit.hpp">
      <Filter>src</Filter>
    </ClInclude>
    <ClInclude Include="..\src\Logo.hpp">
      <Filter>src</Filter>
    </ClInclude>
    <ClInclude Include="..\src\QuickLine.hpp">
      <Filter>src</Filter>
    </ClInclude>
    <ClInclude Include="..\src\Sequencer.hpp">
      <Filter>src</Filter>
    </ClInclude>
    <ClInclude Include="..\src\SizzleHit.hpp">
      <Filter>src</Filter>
    </ClInclude>
    <ClInclude Include="..\src\SlashHit.hpp">
      <Filter>src</Filter>
    </ClInclude>
    <ClInclude Include="..\src\SoundButton.hpp">
      <Filter>src</Filter>
    </ClInclude>
    <ClInclude Include="..\src\SquareHit.hpp">
      <Filter>src</Filter>
    </ClInclude>
    <ClInclude Include="..\src\StepModeIcons.hpp">
      <Filter>src</Filter>
    </ClInclude>
    <ClInclude Include="..\src\SweepHit.hpp">
      <Filter>src</Filter>
    </ClInclude>
    <ClInclude Include="..\src\TouchGeneralButton.hpp">
      <Filter>src</Filter>
    </ClInclude>
    <ClInclude Include="..\src\TrapezoidHit.hpp">
      <Filter>src</Filter>
    </ClInclude>
    <ClInclude Include="..\src\TriangleHit.hpp">
      <Filter>src</Filter>
    </ClInclude>
    <ClInclude Include="..\src\TunnelHit.hpp">
      <Filter>src</Filter>
    </ClInclude>
    <ClInclude Include="..\src\WaveColumnHit.hpp">
      <Filter>src</Filter>
    </ClInclude>
    <ClInclude Include="..\src\AboutScreen.hpp">
      <Filter>src</Filter>
    </ClInclude>
    <ClInclude Include="..\ofxMaxim\libs\fft.h">
      <Filter>src</Filter>
    </ClInclude>
    <ClInclude Include="..\ofxMaxim\libs\maxiAtoms.h">
      <Filter>src</Filter>
    </ClInclude>
    <ClInclude Include="..\ofxMaxim\libs\maxiBark.h">
      <Filter>src</Filter>
    </ClInclude>
    <ClInclude Include="..\ofxMaxim\libs\maxiFFT.h">
      <Filter>src</Filter>
    </ClInclude>
    <ClInclude Include="..\ofxMaxim\libs\maxiGrains.h">
      <Filter>src</Filter>
    </ClInclude>
    <ClInclude Include="..\ofxMaxim\libs\maxiMFCC.h">
      <Filter>src</Filter>
    </ClInclude>
    <ClInclude Include="..\ofxMaxim\libs\maximilian.h">
      <Filter>src</Filter>
    </ClInclude>
    <ClInclude Include="..\ofxMaxim\libs\sineTable.h">
      <Filter>src</Filter>
    </ClInclude>
    <ClInclude Include="..\ofxMaxim\libs\stb_vorbis.h">
      <Filter>src</Filter>
    </ClInclude>
    <ClInclude Include="..\ofxMaxim\src\ofxMaxim.h">
      <Filter>src</Filter>
    </ClInclude>
    <ClInclude Include="src\SystemSpecificInfo.h">
      <Filter>src</Filter>
    </ClInclude>
    <ClInclude Include="..\src\ArduinoManager.hpp">
      <Filter>src</Filter>
    </ClInclude>
  </ItemGroup>
  <ItemGroup>
    <ResourceCompile Include="icon.rc" />
  </ItemGroup>
</Project>