// !$*UTF8*$!
{
	archiveVersion = 1;
	classes = {
	};
	objectVersion = 46;
	objects = {

/* Begin PBXBuildFile section */
		1D60589F0D05DD5A006BFB54 /* Foundation.framework in Frameworks */ = {isa = PBXBuildFile; fileRef = 1D30AB110D05D00D00671497 /* Foundation.framework */; };
		1DF5F4E00D08C38300B7A737 /* UIKit.framework in Frameworks */ = {isa = PBXBuildFile; fileRef = 1DF5F4DF0D08C38300B7A737 /* UIKit.framework */; };
		288765FD0DF74451002DB57D /* CoreGraphics.framework in Frameworks */ = {isa = PBXBuildFile; fileRef = 288765FC0DF74451002DB57D /* CoreGraphics.framework */; };
		5326AEA810A23A0500278DE6 /* CoreLocation.framework in Frameworks */ = {isa = PBXBuildFile; fileRef = 5326AEA710A23A0500278DE6 /* CoreLocation.framework */; };
		53F323EB10A20EDB00E0DAE4 /* OpenAL.framework in Frameworks */ = {isa = PBXBuildFile; fileRef = 53F323EA10A20EDB00E0DAE4 /* OpenAL.framework */; };
		571D05E31EAE69B900D4D143 /* Launch Screen.storyboard in Resources */ = {isa = PBXBuildFile; fileRef = 571D05E21EAE69B900D4D143 /* Launch Screen.storyboard */; };
		5733E94D1D319A47002EC812 /* AboutScreen.cpp in Sources */ = {isa = PBXBuildFile; fileRef = 5733E9471D319A47002EC812 /* AboutScreen.cpp */; };
		5733E94E1D319A47002EC812 /* BounceWord.cpp in Sources */ = {isa = PBXBuildFile; fileRef = 5733E9491D319A47002EC812 /* BounceWord.cpp */; };
		5733E94F1D319A47002EC812 /* FillCircle.cpp in Sources */ = {isa = PBXBuildFile; fileRef = 5733E94B1D319A47002EC812 /* FillCircle.cpp */; };
		573FF8051EE5A16400A85A70 /* Bpm2.cpp in Sources */ = {isa = PBXBuildFile; fileRef = 573FF8031EE5A16400A85A70 /* Bpm2.cpp */; };
		57408B991D2F073300D545EC /* Images.xcassets in Resources */ = {isa = PBXBuildFile; fileRef = 57408B981D2F073300D545EC /* Images.xcassets */; };
		575AFCE81D26E8D10071366D /* SoundButton.cpp in Sources */ = {isa = PBXBuildFile; fileRef = 575AFCE61D26E8D10071366D /* SoundButton.cpp */; };
		575B12891D22C40D00B0CAF6 /* BeatMarker.cpp in Sources */ = {isa = PBXBuildFile; fileRef = 575B125B1D22C40D00B0CAF6 /* BeatMarker.cpp */; };
		575B128A1D22C40D00B0CAF6 /* Buckshot.cpp in Sources */ = {isa = PBXBuildFile; fileRef = 575B125D1D22C40D00B0CAF6 /* Buckshot.cpp */; };
		575B128B1D22C40D00B0CAF6 /* BuckshotHit.cpp in Sources */ = {isa = PBXBuildFile; fileRef = 575B125F1D22C40D00B0CAF6 /* BuckshotHit.cpp */; };
		575B128C1D22C40D00B0CAF6 /* ChaserHit.cpp in Sources */ = {isa = PBXBuildFile; fileRef = 575B12611D22C40D00B0CAF6 /* ChaserHit.cpp */; };
		575B128D1D22C40D00B0CAF6 /* ClapHit.cpp in Sources */ = {isa = PBXBuildFile; fileRef = 575B12631D22C40D00B0CAF6 /* ClapHit.cpp */; };
		575B128E1D22C40D00B0CAF6 /* CrystalHit.cpp in Sources */ = {isa = PBXBuildFile; fileRef = 575B12651D22C40D00B0CAF6 /* CrystalHit.cpp */; };
		575B128F1D22C40D00B0CAF6 /* DotPolygonHit.cpp in Sources */ = {isa = PBXBuildFile; fileRef = 575B12671D22C40D00B0CAF6 /* DotPolygonHit.cpp */; };
		575B12901D22C40D00B0CAF6 /* DrunkTriangleHit.cpp in Sources */ = {isa = PBXBuildFile; fileRef = 575B12691D22C40D00B0CAF6 /* DrunkTriangleHit.cpp */; };
		575B12911D22C40D00B0CAF6 /* Grape.cpp in Sources */ = {isa = PBXBuildFile; fileRef = 575B126B1D22C40D00B0CAF6 /* Grape.cpp */; };
		575B12921D22C40D00B0CAF6 /* GrapesHit.cpp in Sources */ = {isa = PBXBuildFile; fileRef = 575B126D1D22C40D00B0CAF6 /* GrapesHit.cpp */; };
		575B12931D22C40D00B0CAF6 /* Hit.cpp in Sources */ = {isa = PBXBuildFile; fileRef = 575B126F1D22C40D00B0CAF6 /* Hit.cpp */; };
		575B12951D22C40D00B0CAF6 /* QuickLine.cpp in Sources */ = {isa = PBXBuildFile; fileRef = 575B12731D22C40D00B0CAF6 /* QuickLine.cpp */; };
		575B12961D22C40D00B0CAF6 /* Sequencer.cpp in Sources */ = {isa = PBXBuildFile; fileRef = 575B12751D22C40D00B0CAF6 /* Sequencer.cpp */; };
		575B12971D22C40D00B0CAF6 /* SizzleHit.cpp in Sources */ = {isa = PBXBuildFile; fileRef = 575B12771D22C40D00B0CAF6 /* SizzleHit.cpp */; };
		575B12981D22C40D00B0CAF6 /* SlashHit.cpp in Sources */ = {isa = PBXBuildFile; fileRef = 575B12791D22C40D00B0CAF6 /* SlashHit.cpp */; };
		575B12991D22C40D00B0CAF6 /* SquareHit.cpp in Sources */ = {isa = PBXBuildFile; fileRef = 575B127B1D22C40D00B0CAF6 /* SquareHit.cpp */; };
		575B129A1D22C40D00B0CAF6 /* StepModeIcons.cpp in Sources */ = {isa = PBXBuildFile; fileRef = 575B127D1D22C40D00B0CAF6 /* StepModeIcons.cpp */; };
		575B129B1D22C40D00B0CAF6 /* SweepHit.cpp in Sources */ = {isa = PBXBuildFile; fileRef = 575B127F1D22C40D00B0CAF6 /* SweepHit.cpp */; };
		575B129C1D22C40D00B0CAF6 /* TrapezoidHit.cpp in Sources */ = {isa = PBXBuildFile; fileRef = 575B12811D22C40D00B0CAF6 /* TrapezoidHit.cpp */; };
		575B129D1D22C40D00B0CAF6 /* TriangleHit.cpp in Sources */ = {isa = PBXBuildFile; fileRef = 575B12831D22C40D00B0CAF6 /* TriangleHit.cpp */; };
		575B129E1D22C40D00B0CAF6 /* TunnelHit.cpp in Sources */ = {isa = PBXBuildFile; fileRef = 575B12851D22C40D00B0CAF6 /* TunnelHit.cpp */; };
		575B129F1D22C40D00B0CAF6 /* WaveColumnHit.cpp in Sources */ = {isa = PBXBuildFile; fileRef = 575B12871D22C40D00B0CAF6 /* WaveColumnHit.cpp */; };
		575B12A91D230A3600B0CAF6 /* TouchGeneralButton.cpp in Sources */ = {isa = PBXBuildFile; fileRef = 575B12A71D230A3600B0CAF6 /* TouchGeneralButton.cpp */; };
		577FD6F91E74ACAC007E7E51 /* Logo.cpp in Sources */ = {isa = PBXBuildFile; fileRef = 577FD6F71E74ACAC007E7E51 /* Logo.cpp */; };
		57C9BA5F1D2C3A61006E20B3 /* Bpm.cpp in Sources */ = {isa = PBXBuildFile; fileRef = 57C9BA5D1D2C3A61006E20B3 /* Bpm.cpp */; };
		57F243A91EE5CC8900FE7F4E /* install.xml in Resources */ = {isa = PBXBuildFile; fileRef = 57F243941EE5CC8900FE7F4E /* install.xml */; };
		57F243AA1EE5CC8900FE7F4E /* fft.cpp in Sources */ = {isa = PBXBuildFile; fileRef = 57F243961EE5CC8900FE7F4E /* fft.cpp */; };
		57F243AB1EE5CC8900FE7F4E /* maxiAtoms.cpp in Sources */ = {isa = PBXBuildFile; fileRef = 57F243981EE5CC8900FE7F4E /* maxiAtoms.cpp */; };
		57F243AC1EE5CC8900FE7F4E /* maxiBark.cpp in Sources */ = {isa = PBXBuildFile; fileRef = 57F2439A1EE5CC8900FE7F4E /* maxiBark.cpp */; };
		57F243AD1EE5CC8900FE7F4E /* maxiFFT.cpp in Sources */ = {isa = PBXBuildFile; fileRef = 57F2439C1EE5CC8900FE7F4E /* maxiFFT.cpp */; };
		57F243AE1EE5CC8900FE7F4E /* maxiGrains.cpp in Sources */ = {isa = PBXBuildFile; fileRef = 57F2439E1EE5CC8900FE7F4E /* maxiGrains.cpp */; };
		57F243AF1EE5CC8900FE7F4E /* maxiMFCC.cpp in Sources */ = {isa = PBXBuildFile; fileRef = 57F243A01EE5CC8900FE7F4E /* maxiMFCC.cpp */; };
		57F243B01EE5CC8900FE7F4E /* maximilian.cpp in Sources */ = {isa = PBXBuildFile; fileRef = 57F243A21EE5CC8900FE7F4E /* maximilian.cpp */; };
		57F243B11EE5CC8900FE7F4E /* stb_vorbis.c in Sources */ = {isa = PBXBuildFile; fileRef = 57F243A51EE5CC8900FE7F4E /* stb_vorbis.c */; };
		678E130C1795153C005B6D19 /* Default.png in Resources */ = {isa = PBXBuildFile; fileRef = 678E130B1795153C005B6D19 /* Default.png */; };
		678E130E17951540005B6D19 /* Default@2x.png in Resources */ = {isa = PBXBuildFile; fileRef = 678E130D17951540005B6D19 /* Default@2x.png */; };
		678E131017951549005B6D19 /* Default-568h@2x~iphone.png in Resources */ = {isa = PBXBuildFile; fileRef = 678E130F17951549005B6D19 /* Default-568h@2x~iphone.png */; };
		67DFA53619F92A69003B3434 /* Accelerate.framework in Frameworks */ = {isa = PBXBuildFile; fileRef = 67DFA53419F92A5E003B3434 /* Accelerate.framework */; };
		BB16EBD20F2B2A9500518274 /* OpenGLES.framework in Frameworks */ = {isa = PBXBuildFile; fileRef = BB16EBD10F2B2A9500518274 /* OpenGLES.framework */; };
		BB16EBD90F2B2AB500518274 /* QuartzCore.framework in Frameworks */ = {isa = PBXBuildFile; fileRef = BB16EBD80F2B2AB500518274 /* QuartzCore.framework */; };
		BBE5EAB80F49AD8400F28951 /* AudioToolbox.framework in Frameworks */ = {isa = PBXBuildFile; fileRef = BBE5EAB70F49AD8400F28951 /* AudioToolbox.framework */; };
		E41D400B13B39D2100A75A5D /* AVFoundation.framework in Frameworks */ = {isa = PBXBuildFile; fileRef = E41D400613B39D2100A75A5D /* AVFoundation.framework */; };
		E41D400C13B39D2100A75A5D /* CoreMedia.framework in Frameworks */ = {isa = PBXBuildFile; fileRef = E41D400713B39D2100A75A5D /* CoreMedia.framework */; };
		E41D400D13B39D2100A75A5D /* CoreVideo.framework in Frameworks */ = {isa = PBXBuildFile; fileRef = E41D400813B39D2100A75A5D /* CoreVideo.framework */; };
		E41D400E13B39D2100A75A5D /* MapKit.framework in Frameworks */ = {isa = PBXBuildFile; fileRef = E41D400913B39D2100A75A5D /* MapKit.framework */; };
		E41D421413B3A95300A75A5D /* libofxiOS_iphoneos_Debug.a in Frameworks */ = {isa = PBXBuildFile; fileRef = E41D410213B3A0D800A75A5D /* libofxiOS_iphoneos_Debug.a */; };
		E4D8936E11527B74007E1F53 /* main.mm in Sources */ = {isa = PBXBuildFile; fileRef = E4D8936B11527B74007E1F53 /* main.mm */; };
		E4D8936F11527B74007E1F53 /* ofApp.mm in Sources */ = {isa = PBXBuildFile; fileRef = E4D8936D11527B74007E1F53 /* ofApp.mm */; };
/* End PBXBuildFile section */

/* Begin PBXContainerItemProxy section */
		E41D410113B3A0D800A75A5D /* PBXContainerItemProxy */ = {
			isa = PBXContainerItemProxy;
			containerPortal = E41D40FD13B3A0D800A75A5D /* iOS+OFLib.xcodeproj */;
			proxyType = 2;
			remoteGlobalIDString = BB24DED610DA7A3F00E9C588;
			remoteInfo = "iPhone+OF Static Library";
		};
		E41D410313B3A11300A75A5D /* PBXContainerItemProxy */ = {
			isa = PBXContainerItemProxy;
			containerPortal = E41D40FD13B3A0D800A75A5D /* iOS+OFLib.xcodeproj */;
			proxyType = 1;
			remoteGlobalIDString = BB24DE5C10DA7A3F00E9C588;
			remoteInfo = "iPhone+OF Static Library";
		};
/* End PBXContainerItemProxy section */

/* Begin PBXFileReference section */
		1D30AB110D05D00D00671497 /* Foundation.framework */ = {isa = PBXFileReference; lastKnownFileType = wrapper.framework; name = Foundation.framework; path = System/Library/Frameworks/Foundation.framework; sourceTree = SDKROOT; };
		1D6058910D05DD3D006BFB54 /* sequncer.app */ = {isa = PBXFileReference; explicitFileType = wrapper.application; includeInIndex = 0; path = sequncer.app; sourceTree = BUILT_PRODUCTS_DIR; };
		1DF5F4DF0D08C38300B7A737 /* UIKit.framework */ = {isa = PBXFileReference; lastKnownFileType = wrapper.framework; name = UIKit.framework; path = System/Library/Frameworks/UIKit.framework; sourceTree = SDKROOT; };
		288765FC0DF74451002DB57D /* CoreGraphics.framework */ = {isa = PBXFileReference; lastKnownFileType = wrapper.framework; name = CoreGraphics.framework; path = System/Library/Frameworks/CoreGraphics.framework; sourceTree = SDKROOT; };
		32CA4F630368D1EE00C91783 /* ofxiOS_Prefix.pch */ = {isa = PBXFileReference; fileEncoding = 4; lastKnownFileType = sourcecode.c.h; path = ofxiOS_Prefix.pch; sourceTree = "<group>"; };
		5326AEA710A23A0500278DE6 /* CoreLocation.framework */ = {isa = PBXFileReference; lastKnownFileType = wrapper.framework; name = CoreLocation.framework; path = System/Library/Frameworks/CoreLocation.framework; sourceTree = SDKROOT; };
		53F323EA10A20EDB00E0DAE4 /* OpenAL.framework */ = {isa = PBXFileReference; lastKnownFileType = wrapper.framework; name = OpenAL.framework; path = System/Library/Frameworks/OpenAL.framework; sourceTree = SDKROOT; };
		571D05E21EAE69B900D4D143 /* Launch Screen.storyboard */ = {isa = PBXFileReference; fileEncoding = 4; lastKnownFileType = file.storyboard; path = "Launch Screen.storyboard"; sourceTree = "<group>"; };
		5733E9471D319A47002EC812 /* AboutScreen.cpp */ = {isa = PBXFileReference; fileEncoding = 4; lastKnownFileType = sourcecode.cpp.cpp; name = AboutScreen.cpp; path = ../../src/AboutScreen.cpp; sourceTree = "<group>"; };
		5733E9481D319A47002EC812 /* AboutScreen.hpp */ = {isa = PBXFileReference; fileEncoding = 4; lastKnownFileType = sourcecode.cpp.h; name = AboutScreen.hpp; path = ../../src/AboutScreen.hpp; sourceTree = "<group>"; };
		5733E9491D319A47002EC812 /* BounceWord.cpp */ = {isa = PBXFileReference; fileEncoding = 4; lastKnownFileType = sourcecode.cpp.cpp; name = BounceWord.cpp; path = ../../src/BounceWord.cpp; sourceTree = "<group>"; };
		5733E94A1D319A47002EC812 /* BounceWord.hpp */ = {isa = PBXFileReference; fileEncoding = 4; lastKnownFileType = sourcecode.cpp.h; name = BounceWord.hpp; path = ../../src/BounceWord.hpp; sourceTree = "<group>"; };
		5733E94B1D319A47002EC812 /* FillCircle.cpp */ = {isa = PBXFileReference; fileEncoding = 4; lastKnownFileType = sourcecode.cpp.cpp; name = FillCircle.cpp; path = ../../src/FillCircle.cpp; sourceTree = "<group>"; };
		5733E94C1D319A47002EC812 /* FillCircle.hpp */ = {isa = PBXFileReference; fileEncoding = 4; lastKnownFileType = sourcecode.cpp.h; name = FillCircle.hpp; path = ../../src/FillCircle.hpp; sourceTree = "<group>"; };
		573FF8031EE5A16400A85A70 /* Bpm2.cpp */ = {isa = PBXFileReference; fileEncoding = 4; lastKnownFileType = sourcecode.cpp.cpp; name = Bpm2.cpp; path = ../../src/Bpm2.cpp; sourceTree = "<group>"; };
		573FF8041EE5A16400A85A70 /* Bpm2.hpp */ = {isa = PBXFileReference; fileEncoding = 4; lastKnownFileType = sourcecode.cpp.h; name = Bpm2.hpp; path = ../../src/Bpm2.hpp; sourceTree = "<group>"; };
		57408B981D2F073300D545EC /* Images.xcassets */ = {isa = PBXFileReference; lastKnownFileType = folder.assetcatalog; name = Images.xcassets; path = sequncer/Images.xcassets; sourceTree = "<group>"; };
		575AFCE61D26E8D10071366D /* SoundButton.cpp */ = {isa = PBXFileReference; fileEncoding = 4; lastKnownFileType = sourcecode.cpp.cpp; name = SoundButton.cpp; path = ../../src/SoundButton.cpp; sourceTree = "<group>"; };
		575AFCE71D26E8D10071366D /* SoundButton.hpp */ = {isa = PBXFileReference; fileEncoding = 4; lastKnownFileType = sourcecode.cpp.h; name = SoundButton.hpp; path = ../../src/SoundButton.hpp; sourceTree = "<group>"; };
		575B125B1D22C40D00B0CAF6 /* BeatMarker.cpp */ = {isa = PBXFileReference; fileEncoding = 4; lastKnownFileType = sourcecode.cpp.cpp; name = BeatMarker.cpp; path = ../../src/BeatMarker.cpp; sourceTree = "<group>"; };
		575B125C1D22C40D00B0CAF6 /* BeatMarker.hpp */ = {isa = PBXFileReference; fileEncoding = 4; lastKnownFileType = sourcecode.cpp.h; name = BeatMarker.hpp; path = ../../src/BeatMarker.hpp; sourceTree = "<group>"; };
		575B125D1D22C40D00B0CAF6 /* Buckshot.cpp */ = {isa = PBXFileReference; fileEncoding = 4; lastKnownFileType = sourcecode.cpp.cpp; name = Buckshot.cpp; path = ../../src/Buckshot.cpp; sourceTree = "<group>"; };
		575B125E1D22C40D00B0CAF6 /* Buckshot.hpp */ = {isa = PBXFileReference; fileEncoding = 4; lastKnownFileType = sourcecode.cpp.h; name = Buckshot.hpp; path = ../../src/Buckshot.hpp; sourceTree = "<group>"; };
		575B125F1D22C40D00B0CAF6 /* BuckshotHit.cpp */ = {isa = PBXFileReference; fileEncoding = 4; lastKnownFileType = sourcecode.cpp.cpp; name = BuckshotHit.cpp; path = ../../src/BuckshotHit.cpp; sourceTree = "<group>"; };
		575B12601D22C40D00B0CAF6 /* BuckshotHit.hpp */ = {isa = PBXFileReference; fileEncoding = 4; lastKnownFileType = sourcecode.cpp.h; name = BuckshotHit.hpp; path = ../../src/BuckshotHit.hpp; sourceTree = "<group>"; };
		575B12611D22C40D00B0CAF6 /* ChaserHit.cpp */ = {isa = PBXFileReference; fileEncoding = 4; lastKnownFileType = sourcecode.cpp.cpp; name = ChaserHit.cpp; path = ../../src/ChaserHit.cpp; sourceTree = "<group>"; };
		575B12621D22C40D00B0CAF6 /* ChaserHit.hpp */ = {isa = PBXFileReference; fileEncoding = 4; lastKnownFileType = sourcecode.cpp.h; name = ChaserHit.hpp; path = ../../src/ChaserHit.hpp; sourceTree = "<group>"; };
		575B12631D22C40D00B0CAF6 /* ClapHit.cpp */ = {isa = PBXFileReference; fileEncoding = 4; lastKnownFileType = sourcecode.cpp.cpp; name = ClapHit.cpp; path = ../../src/ClapHit.cpp; sourceTree = "<group>"; };
		575B12641D22C40D00B0CAF6 /* ClapHit.hpp */ = {isa = PBXFileReference; fileEncoding = 4; lastKnownFileType = sourcecode.cpp.h; name = ClapHit.hpp; path = ../../src/ClapHit.hpp; sourceTree = "<group>"; };
		575B12651D22C40D00B0CAF6 /* CrystalHit.cpp */ = {isa = PBXFileReference; fileEncoding = 4; lastKnownFileType = sourcecode.cpp.cpp; name = CrystalHit.cpp; path = ../../src/CrystalHit.cpp; sourceTree = "<group>"; };
		575B12661D22C40D00B0CAF6 /* CrystalHit.hpp */ = {isa = PBXFileReference; fileEncoding = 4; lastKnownFileType = sourcecode.cpp.h; name = CrystalHit.hpp; path = ../../src/CrystalHit.hpp; sourceTree = "<group>"; };
		575B12671D22C40D00B0CAF6 /* DotPolygonHit.cpp */ = {isa = PBXFileReference; fileEncoding = 4; lastKnownFileType = sourcecode.cpp.cpp; name = DotPolygonHit.cpp; path = ../../src/DotPolygonHit.cpp; sourceTree = "<group>"; };
		575B12681D22C40D00B0CAF6 /* DotPolygonHit.hpp */ = {isa = PBXFileReference; fileEncoding = 4; lastKnownFileType = sourcecode.cpp.h; name = DotPolygonHit.hpp; path = ../../src/DotPolygonHit.hpp; sourceTree = "<group>"; };
		575B12691D22C40D00B0CAF6 /* DrunkTriangleHit.cpp */ = {isa = PBXFileReference; fileEncoding = 4; lastKnownFileType = sourcecode.cpp.cpp; name = DrunkTriangleHit.cpp; path = ../../src/DrunkTriangleHit.cpp; sourceTree = "<group>"; };
		575B126A1D22C40D00B0CAF6 /* DrunkTriangleHit.hpp */ = {isa = PBXFileReference; fileEncoding = 4; lastKnownFileType = sourcecode.cpp.h; name = DrunkTriangleHit.hpp; path = ../../src/DrunkTriangleHit.hpp; sourceTree = "<group>"; };
		575B126B1D22C40D00B0CAF6 /* Grape.cpp */ = {isa = PBXFileReference; fileEncoding = 4; lastKnownFileType = sourcecode.cpp.cpp; name = Grape.cpp; path = ../../src/Grape.cpp; sourceTree = "<group>"; };
		575B126C1D22C40D00B0CAF6 /* Grape.hpp */ = {isa = PBXFileReference; fileEncoding = 4; lastKnownFileType = sourcecode.cpp.h; name = Grape.hpp; path = ../../src/Grape.hpp; sourceTree = "<group>"; };
		575B126D1D22C40D00B0CAF6 /* GrapesHit.cpp */ = {isa = PBXFileReference; fileEncoding = 4; lastKnownFileType = sourcecode.cpp.cpp; name = GrapesHit.cpp; path = ../../src/GrapesHit.cpp; sourceTree = "<group>"; };
		575B126E1D22C40D00B0CAF6 /* GrapesHit.hpp */ = {isa = PBXFileReference; fileEncoding = 4; lastKnownFileType = sourcecode.cpp.h; name = GrapesHit.hpp; path = ../../src/GrapesHit.hpp; sourceTree = "<group>"; };
		575B126F1D22C40D00B0CAF6 /* Hit.cpp */ = {isa = PBXFileReference; fileEncoding = 4; lastKnownFileType = sourcecode.cpp.cpp; name = Hit.cpp; path = ../../src/Hit.cpp; sourceTree = "<group>"; };
		575B12701D22C40D00B0CAF6 /* Hit.hpp */ = {isa = PBXFileReference; fileEncoding = 4; lastKnownFileType = sourcecode.cpp.h; name = Hit.hpp; path = ../../src/Hit.hpp; sourceTree = "<group>"; };
		575B12731D22C40D00B0CAF6 /* QuickLine.cpp */ = {isa = PBXFileReference; fileEncoding = 4; lastKnownFileType = sourcecode.cpp.cpp; name = QuickLine.cpp; path = ../../src/QuickLine.cpp; sourceTree = "<group>"; };
		575B12741D22C40D00B0CAF6 /* QuickLine.hpp */ = {isa = PBXFileReference; fileEncoding = 4; lastKnownFileType = sourcecode.cpp.h; name = QuickLine.hpp; path = ../../src/QuickLine.hpp; sourceTree = "<group>"; };
		575B12751D22C40D00B0CAF6 /* Sequencer.cpp */ = {isa = PBXFileReference; fileEncoding = 4; lastKnownFileType = sourcecode.cpp.cpp; name = Sequencer.cpp; path = ../../src/Sequencer.cpp; sourceTree = "<group>"; };
		575B12761D22C40D00B0CAF6 /* Sequencer.hpp */ = {isa = PBXFileReference; fileEncoding = 4; lastKnownFileType = sourcecode.cpp.h; name = Sequencer.hpp; path = ../../src/Sequencer.hpp; sourceTree = "<group>"; };
		575B12771D22C40D00B0CAF6 /* SizzleHit.cpp */ = {isa = PBXFileReference; fileEncoding = 4; lastKnownFileType = sourcecode.cpp.cpp; name = SizzleHit.cpp; path = ../../src/SizzleHit.cpp; sourceTree = "<group>"; };
		575B12781D22C40D00B0CAF6 /* SizzleHit.hpp */ = {isa = PBXFileReference; fileEncoding = 4; lastKnownFileType = sourcecode.cpp.h; name = SizzleHit.hpp; path = ../../src/SizzleHit.hpp; sourceTree = "<group>"; };
		575B12791D22C40D00B0CAF6 /* SlashHit.cpp */ = {isa = PBXFileReference; fileEncoding = 4; lastKnownFileType = sourcecode.cpp.cpp; name = SlashHit.cpp; path = ../../src/SlashHit.cpp; sourceTree = "<group>"; };
		575B127A1D22C40D00B0CAF6 /* SlashHit.hpp */ = {isa = PBXFileReference; fileEncoding = 4; lastKnownFileType = sourcecode.cpp.h; name = SlashHit.hpp; path = ../../src/SlashHit.hpp; sourceTree = "<group>"; };
		575B127B1D22C40D00B0CAF6 /* SquareHit.cpp */ = {isa = PBXFileReference; fileEncoding = 4; lastKnownFileType = sourcecode.cpp.cpp; name = SquareHit.cpp; path = ../../src/SquareHit.cpp; sourceTree = "<group>"; };
		575B127C1D22C40D00B0CAF6 /* SquareHit.hpp */ = {isa = PBXFileReference; fileEncoding = 4; lastKnownFileType = sourcecode.cpp.h; name = SquareHit.hpp; path = ../../src/SquareHit.hpp; sourceTree = "<group>"; };
		575B127D1D22C40D00B0CAF6 /* StepModeIcons.cpp */ = {isa = PBXFileReference; fileEncoding = 4; lastKnownFileType = sourcecode.cpp.cpp; name = StepModeIcons.cpp; path = ../../src/StepModeIcons.cpp; sourceTree = "<group>"; };
		575B127E1D22C40D00B0CAF6 /* StepModeIcons.hpp */ = {isa = PBXFileReference; fileEncoding = 4; lastKnownFileType = sourcecode.cpp.h; name = StepModeIcons.hpp; path = ../../src/StepModeIcons.hpp; sourceTree = "<group>"; };
		575B127F1D22C40D00B0CAF6 /* SweepHit.cpp */ = {isa = PBXFileReference; fileEncoding = 4; lastKnownFileType = sourcecode.cpp.cpp; name = SweepHit.cpp; path = ../../src/SweepHit.cpp; sourceTree = "<group>"; };
		575B12801D22C40D00B0CAF6 /* SweepHit.hpp */ = {isa = PBXFileReference; fileEncoding = 4; lastKnownFileType = sourcecode.cpp.h; name = SweepHit.hpp; path = ../../src/SweepHit.hpp; sourceTree = "<group>"; };
		575B12811D22C40D00B0CAF6 /* TrapezoidHit.cpp */ = {isa = PBXFileReference; fileEncoding = 4; lastKnownFileType = sourcecode.cpp.cpp; name = TrapezoidHit.cpp; path = ../../src/TrapezoidHit.cpp; sourceTree = "<group>"; };
		575B12821D22C40D00B0CAF6 /* TrapezoidHit.hpp */ = {isa = PBXFileReference; fileEncoding = 4; lastKnownFileType = sourcecode.cpp.h; name = TrapezoidHit.hpp; path = ../../src/TrapezoidHit.hpp; sourceTree = "<group>"; };
		575B12831D22C40D00B0CAF6 /* TriangleHit.cpp */ = {isa = PBXFileReference; fileEncoding = 4; lastKnownFileType = sourcecode.cpp.cpp; name = TriangleHit.cpp; path = ../../src/TriangleHit.cpp; sourceTree = "<group>"; };
		575B12841D22C40D00B0CAF6 /* TriangleHit.hpp */ = {isa = PBXFileReference; fileEncoding = 4; lastKnownFileType = sourcecode.cpp.h; name = TriangleHit.hpp; path = ../../src/TriangleHit.hpp; sourceTree = "<group>"; };
		575B12851D22C40D00B0CAF6 /* TunnelHit.cpp */ = {isa = PBXFileReference; fileEncoding = 4; lastKnownFileType = sourcecode.cpp.cpp; name = TunnelHit.cpp; path = ../../src/TunnelHit.cpp; sourceTree = "<group>"; };
		575B12861D22C40D00B0CAF6 /* TunnelHit.hpp */ = {isa = PBXFileReference; fileEncoding = 4; lastKnownFileType = sourcecode.cpp.h; name = TunnelHit.hpp; path = ../../src/TunnelHit.hpp; sourceTree = "<group>"; };
		575B12871D22C40D00B0CAF6 /* WaveColumnHit.cpp */ = {isa = PBXFileReference; fileEncoding = 4; lastKnownFileType = sourcecode.cpp.cpp; name = WaveColumnHit.cpp; path = ../../src/WaveColumnHit.cpp; sourceTree = "<group>"; };
		575B12881D22C40D00B0CAF6 /* WaveColumnHit.hpp */ = {isa = PBXFileReference; fileEncoding = 4; lastKnownFileType = sourcecode.cpp.h; name = WaveColumnHit.hpp; path = ../../src/WaveColumnHit.hpp; sourceTree = "<group>"; };
		575B12A41D22C82D00B0CAF6 /* SystemSpecificInfo.h */ = {isa = PBXFileReference; lastKnownFileType = sourcecode.c.h; path = SystemSpecificInfo.h; sourceTree = "<group>"; };
		575B12A71D230A3600B0CAF6 /* TouchGeneralButton.cpp */ = {isa = PBXFileReference; fileEncoding = 4; lastKnownFileType = sourcecode.cpp.cpp; name = TouchGeneralButton.cpp; path = ../../src/TouchGeneralButton.cpp; sourceTree = "<group>"; };
		575B12A81D230A3600B0CAF6 /* TouchGeneralButton.hpp */ = {isa = PBXFileReference; fileEncoding = 4; lastKnownFileType = sourcecode.cpp.h; name = TouchGeneralButton.hpp; path = ../../src/TouchGeneralButton.hpp; sourceTree = "<group>"; };
		577FD6F71E74ACAC007E7E51 /* Logo.cpp */ = {isa = PBXFileReference; fileEncoding = 4; lastKnownFileType = sourcecode.cpp.cpp; name = Logo.cpp; path = ../../src/Logo.cpp; sourceTree = "<group>"; };
		577FD6F81E74ACAC007E7E51 /* Logo.hpp */ = {isa = PBXFileReference; fileEncoding = 4; lastKnownFileType = sourcecode.cpp.h; name = Logo.hpp; path = ../../src/Logo.hpp; sourceTree = "<group>"; };
		57C9BA5D1D2C3A61006E20B3 /* Bpm.cpp */ = {isa = PBXFileReference; fileEncoding = 4; lastKnownFileType = sourcecode.cpp.cpp; name = Bpm.cpp; path = ../../src/Bpm.cpp; sourceTree = "<group>"; };
		57C9BA5E1D2C3A61006E20B3 /* Bpm.hpp */ = {isa = PBXFileReference; fileEncoding = 4; lastKnownFileType = sourcecode.cpp.h; name = Bpm.hpp; path = ../../src/Bpm.hpp; sourceTree = "<group>"; };
		57F243941EE5CC8900FE7F4E /* install.xml */ = {isa = PBXFileReference; fileEncoding = 4; lastKnownFileType = text.xml; path = install.xml; sourceTree = "<group>"; };
		57F243961EE5CC8900FE7F4E /* fft.cpp */ = {isa = PBXFileReference; fileEncoding = 4; lastKnownFileType = sourcecode.cpp.cpp; path = fft.cpp; sourceTree = "<group>"; };
		57F243971EE5CC8900FE7F4E /* fft.h */ = {isa = PBXFileReference; fileEncoding = 4; lastKnownFileType = sourcecode.c.h; path = fft.h; sourceTree = "<group>"; };
		57F243981EE5CC8900FE7F4E /* maxiAtoms.cpp */ = {isa = PBXFileReference; fileEncoding = 4; lastKnownFileType = sourcecode.cpp.cpp; path = maxiAtoms.cpp; sourceTree = "<group>"; };
		57F243991EE5CC8900FE7F4E /* maxiAtoms.h */ = {isa = PBXFileReference; fileEncoding = 4; lastKnownFileType = sourcecode.c.h; path = maxiAtoms.h; sourceTree = "<group>"; };
		57F2439A1EE5CC8900FE7F4E /* maxiBark.cpp */ = {isa = PBXFileReference; fileEncoding = 4; lastKnownFileType = sourcecode.cpp.cpp; path = maxiBark.cpp; sourceTree = "<group>"; };
		57F2439B1EE5CC8900FE7F4E /* maxiBark.h */ = {isa = PBXFileReference; fileEncoding = 4; lastKnownFileType = sourcecode.c.h; path = maxiBark.h; sourceTree = "<group>"; };
		57F2439C1EE5CC8900FE7F4E /* maxiFFT.cpp */ = {isa = PBXFileReference; fileEncoding = 4; lastKnownFileType = sourcecode.cpp.cpp; path = maxiFFT.cpp; sourceTree = "<group>"; };
		57F2439D1EE5CC8900FE7F4E /* maxiFFT.h */ = {isa = PBXFileReference; fileEncoding = 4; lastKnownFileType = sourcecode.c.h; path = maxiFFT.h; sourceTree = "<group>"; };
		57F2439E1EE5CC8900FE7F4E /* maxiGrains.cpp */ = {isa = PBXFileReference; fileEncoding = 4; lastKnownFileType = sourcecode.cpp.cpp; path = maxiGrains.cpp; sourceTree = "<group>"; };
		57F2439F1EE5CC8900FE7F4E /* maxiGrains.h */ = {isa = PBXFileReference; fileEncoding = 4; lastKnownFileType = sourcecode.c.h; path = maxiGrains.h; sourceTree = "<group>"; };
		57F243A01EE5CC8900FE7F4E /* maxiMFCC.cpp */ = {isa = PBXFileReference; fileEncoding = 4; lastKnownFileType = sourcecode.cpp.cpp; path = maxiMFCC.cpp; sourceTree = "<group>"; };
		57F243A11EE5CC8900FE7F4E /* maxiMFCC.h */ = {isa = PBXFileReference; fileEncoding = 4; lastKnownFileType = sourcecode.c.h; path = maxiMFCC.h; sourceTree = "<group>"; };
		57F243A21EE5CC8900FE7F4E /* maximilian.cpp */ = {isa = PBXFileReference; fileEncoding = 4; lastKnownFileType = sourcecode.cpp.cpp; path = maximilian.cpp; sourceTree = "<group>"; };
		57F243A31EE5CC8900FE7F4E /* maximilian.h */ = {isa = PBXFileReference; fileEncoding = 4; lastKnownFileType = sourcecode.c.h; path = maximilian.h; sourceTree = "<group>"; };
		57F243A41EE5CC8900FE7F4E /* sineTable.h */ = {isa = PBXFileReference; fileEncoding = 4; lastKnownFileType = sourcecode.c.h; path = sineTable.h; sourceTree = "<group>"; };
		57F243A51EE5CC8900FE7F4E /* stb_vorbis.c */ = {isa = PBXFileReference; fileEncoding = 4; lastKnownFileType = sourcecode.c.c; path = stb_vorbis.c; sourceTree = "<group>"; };
		57F243A61EE5CC8900FE7F4E /* stb_vorbis.h */ = {isa = PBXFileReference; fileEncoding = 4; lastKnownFileType = sourcecode.c.h; path = stb_vorbis.h; sourceTree = "<group>"; };
		57F243A81EE5CC8900FE7F4E /* ofxMaxim.h */ = {isa = PBXFileReference; fileEncoding = 4; lastKnownFileType = sourcecode.c.h; path = ofxMaxim.h; sourceTree = "<group>"; };
		678E130B1795153C005B6D19 /* Default.png */ = {isa = PBXFileReference; lastKnownFileType = image.png; name = Default.png; path = bin/data/Default.png; sourceTree = "<group>"; };
		678E130D17951540005B6D19 /* Default@2x.png */ = {isa = PBXFileReference; lastKnownFileType = image.png; name = "Default@2x.png"; path = "bin/data/Default@2x.png"; sourceTree = "<group>"; };
		678E130F17951549005B6D19 /* Default-568h@2x~iphone.png */ = {isa = PBXFileReference; lastKnownFileType = image.png; name = "Default-568h@2x~iphone.png"; path = "bin/data/Default-568h@2x~iphone.png"; sourceTree = "<group>"; };
		67DFA53419F92A5E003B3434 /* Accelerate.framework */ = {isa = PBXFileReference; lastKnownFileType = wrapper.framework; name = Accelerate.framework; path = System/Library/Frameworks/Accelerate.framework; sourceTree = SDKROOT; };
		BB16EBD10F2B2A9500518274 /* OpenGLES.framework */ = {isa = PBXFileReference; lastKnownFileType = wrapper.framework; name = OpenGLES.framework; path = System/Library/Frameworks/OpenGLES.framework; sourceTree = SDKROOT; };
		BB16EBD80F2B2AB500518274 /* QuartzCore.framework */ = {isa = PBXFileReference; lastKnownFileType = wrapper.framework; name = QuartzCore.framework; path = System/Library/Frameworks/QuartzCore.framework; sourceTree = SDKROOT; };
		BB24DDC910DA781C00E9C588 /* ofxiOS-Info.plist */ = {isa = PBXFileReference; fileEncoding = 4; lastKnownFileType = text.plist.xml; path = "ofxiOS-Info.plist"; sourceTree = "<group>"; };
		BBE5EAB70F49AD8400F28951 /* AudioToolbox.framework */ = {isa = PBXFileReference; lastKnownFileType = wrapper.framework; name = AudioToolbox.framework; path = System/Library/Frameworks/AudioToolbox.framework; sourceTree = SDKROOT; };
		E41D3ED613B38FB500A75A5D /* Project.xcconfig */ = {isa = PBXFileReference; fileEncoding = 4; lastKnownFileType = text.xcconfig; path = Project.xcconfig; sourceTree = "<group>"; };
		E41D3EE513B3906D00A75A5D /* CoreOF.xcconfig */ = {isa = PBXFileReference; fileEncoding = 4; lastKnownFileType = text.xcconfig; name = CoreOF.xcconfig; path = ../../../libs/openFrameworksCompiled/project/ios/CoreOF.xcconfig; sourceTree = SOURCE_ROOT; };
		E41D400613B39D2100A75A5D /* AVFoundation.framework */ = {isa = PBXFileReference; lastKnownFileType = wrapper.framework; name = AVFoundation.framework; path = System/Library/Frameworks/AVFoundation.framework; sourceTree = SDKROOT; };
		E41D400713B39D2100A75A5D /* CoreMedia.framework */ = {isa = PBXFileReference; lastKnownFileType = wrapper.framework; name = CoreMedia.framework; path = System/Library/Frameworks/CoreMedia.framework; sourceTree = SDKROOT; };
		E41D400813B39D2100A75A5D /* CoreVideo.framework */ = {isa = PBXFileReference; lastKnownFileType = wrapper.framework; name = CoreVideo.framework; path = System/Library/Frameworks/CoreVideo.framework; sourceTree = SDKROOT; };
		E41D400913B39D2100A75A5D /* MapKit.framework */ = {isa = PBXFileReference; lastKnownFileType = wrapper.framework; name = MapKit.framework; path = System/Library/Frameworks/MapKit.framework; sourceTree = SDKROOT; };
		E41D40FD13B3A0D800A75A5D /* iOS+OFLib.xcodeproj */ = {isa = PBXFileReference; lastKnownFileType = "wrapper.pb-project"; name = "iOS+OFLib.xcodeproj"; path = "../../../libs/openFrameworksCompiled/project/ios/iOS+OFLib.xcodeproj"; sourceTree = SOURCE_ROOT; };
		E4A823A312561BE3002F86A2 /* CoreGraphics.framework */ = {isa = PBXFileReference; lastKnownFileType = wrapper.framework; name = CoreGraphics.framework; path = System/Library/Frameworks/CoreGraphics.framework; sourceTree = SDKROOT; };
		E4D8936B11527B74007E1F53 /* main.mm */ = {isa = PBXFileReference; fileEncoding = 4; lastKnownFileType = sourcecode.cpp.objcpp; name = main.mm; path = src/main.mm; sourceTree = SOURCE_ROOT; };
		E4D8936C11527B74007E1F53 /* ofApp.h */ = {isa = PBXFileReference; fileEncoding = 4; lastKnownFileType = sourcecode.c.h; name = ofApp.h; path = src/ofApp.h; sourceTree = SOURCE_ROOT; };
		E4D8936D11527B74007E1F53 /* ofApp.mm */ = {isa = PBXFileReference; fileEncoding = 4; lastKnownFileType = sourcecode.cpp.objcpp; name = ofApp.mm; path = src/ofApp.mm; sourceTree = SOURCE_ROOT; };
/* End PBXFileReference section */

/* Begin PBXFrameworksBuildPhase section */
		1D60588F0D05DD3D006BFB54 /* Frameworks */ = {
			isa = PBXFrameworksBuildPhase;
			buildActionMask = 2147483647;
			files = (
				E41D421413B3A95300A75A5D /* libofxiOS_iphoneos_Debug.a in Frameworks */,
				1D60589F0D05DD5A006BFB54 /* Foundation.framework in Frameworks */,
				1DF5F4E00D08C38300B7A737 /* UIKit.framework in Frameworks */,
				288765FD0DF74451002DB57D /* CoreGraphics.framework in Frameworks */,
				BB16EBD20F2B2A9500518274 /* OpenGLES.framework in Frameworks */,
				BB16EBD90F2B2AB500518274 /* QuartzCore.framework in Frameworks */,
				BBE5EAB80F49AD8400F28951 /* AudioToolbox.framework in Frameworks */,
				53F323EB10A20EDB00E0DAE4 /* OpenAL.framework in Frameworks */,
				5326AEA810A23A0500278DE6 /* CoreLocation.framework in Frameworks */,
				E41D400B13B39D2100A75A5D /* AVFoundation.framework in Frameworks */,
				E41D400C13B39D2100A75A5D /* CoreMedia.framework in Frameworks */,
				E41D400D13B39D2100A75A5D /* CoreVideo.framework in Frameworks */,
				E41D400E13B39D2100A75A5D /* MapKit.framework in Frameworks */,
				67DFA53619F92A69003B3434 /* Accelerate.framework in Frameworks */,
			);
			runOnlyForDeploymentPostprocessing = 0;
		};
/* End PBXFrameworksBuildPhase section */

/* Begin PBXGroup section */
		19C28FACFE9D520D11CA2CBB /* Products */ = {
			isa = PBXGroup;
			children = (
				1D6058910D05DD3D006BFB54 /* sequncer.app */,
			);
			name = Products;
			sourceTree = "<group>";
		};
		29B97314FDCFA39411CA2CEA /* CustomTemplate */ = {
			isa = PBXGroup;
			children = (
				571D05E21EAE69B900D4D143 /* Launch Screen.storyboard */,
				57408B981D2F073300D545EC /* Images.xcassets */,
				678E130B1795153C005B6D19 /* Default.png */,
				678E130D17951540005B6D19 /* Default@2x.png */,
				678E130F17951549005B6D19 /* Default-568h@2x~iphone.png */,
				E4D8936A11527B74007E1F53 /* src */,
				BB24E1F710DAA51900E9C588 /* openFrameworks */,
				BB16F26B0F2B646B00518274 /* addons */,
				BB16E9930F2B1E5900518274 /* libs */,
				19C28FACFE9D520D11CA2CBB /* Products */,
			);
			name = CustomTemplate;
			sourceTree = "<group>";
		};
		29B97323FDCFA39411CA2CEA /* core frameworks */ = {
			isa = PBXGroup;
			children = (
				E41D400613B39D2100A75A5D /* AVFoundation.framework */,
				E41D400713B39D2100A75A5D /* CoreMedia.framework */,
				E41D400813B39D2100A75A5D /* CoreVideo.framework */,
				E41D400913B39D2100A75A5D /* MapKit.framework */,
				53F323EA10A20EDB00E0DAE4 /* OpenAL.framework */,
				E4A823A312561BE3002F86A2 /* CoreGraphics.framework */,
				BBE5EAB70F49AD8400F28951 /* AudioToolbox.framework */,
				BB16EBD80F2B2AB500518274 /* QuartzCore.framework */,
				BB16EBD10F2B2A9500518274 /* OpenGLES.framework */,
				1DF5F4DF0D08C38300B7A737 /* UIKit.framework */,
				1D30AB110D05D00D00671497 /* Foundation.framework */,
				288765FC0DF74451002DB57D /* CoreGraphics.framework */,
				5326AEA710A23A0500278DE6 /* CoreLocation.framework */,
				67DFA53419F92A5E003B3434 /* Accelerate.framework */,
			);
			name = "core frameworks";
			sourceTree = "<group>";
		};
		5733E9461D319A16002EC812 /* About */ = {
			isa = PBXGroup;
			children = (
				5733E9481D319A47002EC812 /* AboutScreen.hpp */,
				5733E9471D319A47002EC812 /* AboutScreen.cpp */,
				5733E94A1D319A47002EC812 /* BounceWord.hpp */,
				5733E9491D319A47002EC812 /* BounceWord.cpp */,
				5733E94C1D319A47002EC812 /* FillCircle.hpp */,
				5733E94B1D319A47002EC812 /* FillCircle.cpp */,
			);
			name = About;
			sourceTree = "<group>";
		};
		575B12A01D22C41300B0CAF6 /* project */ = {
			isa = PBXGroup;
			children = (
				575B12761D22C40D00B0CAF6 /* Sequencer.hpp */,
				575B12751D22C40D00B0CAF6 /* Sequencer.cpp */,
				575B12A11D22C41900B0CAF6 /* Hits */,
				575B12A21D22C41E00B0CAF6 /* Tools */,
				575B12A31D22C42300B0CAF6 /* Markers */,
				5733E9461D319A16002EC812 /* About */,
			);
			name = project;
			sourceTree = "<group>";
		};
		575B12A11D22C41900B0CAF6 /* Hits */ = {
			isa = PBXGroup;
			children = (
				575B12701D22C40D00B0CAF6 /* Hit.hpp */,
				575B126F1D22C40D00B0CAF6 /* Hit.cpp */,
				575B12601D22C40D00B0CAF6 /* BuckshotHit.hpp */,
				575B125F1D22C40D00B0CAF6 /* BuckshotHit.cpp */,
				575B12621D22C40D00B0CAF6 /* ChaserHit.hpp */,
				575B12611D22C40D00B0CAF6 /* ChaserHit.cpp */,
				575B12641D22C40D00B0CAF6 /* ClapHit.hpp */,
				575B12631D22C40D00B0CAF6 /* ClapHit.cpp */,
				575B12661D22C40D00B0CAF6 /* CrystalHit.hpp */,
				575B12651D22C40D00B0CAF6 /* CrystalHit.cpp */,
				575B12681D22C40D00B0CAF6 /* DotPolygonHit.hpp */,
				575B12671D22C40D00B0CAF6 /* DotPolygonHit.cpp */,
				575B126A1D22C40D00B0CAF6 /* DrunkTriangleHit.hpp */,
				575B12691D22C40D00B0CAF6 /* DrunkTriangleHit.cpp */,
				575B126E1D22C40D00B0CAF6 /* GrapesHit.hpp */,
				575B126D1D22C40D00B0CAF6 /* GrapesHit.cpp */,
				575B12781D22C40D00B0CAF6 /* SizzleHit.hpp */,
				575B12771D22C40D00B0CAF6 /* SizzleHit.cpp */,
				575B127A1D22C40D00B0CAF6 /* SlashHit.hpp */,
				575B12791D22C40D00B0CAF6 /* SlashHit.cpp */,
				575B127C1D22C40D00B0CAF6 /* SquareHit.hpp */,
				575B127B1D22C40D00B0CAF6 /* SquareHit.cpp */,
				575B12801D22C40D00B0CAF6 /* SweepHit.hpp */,
				575B127F1D22C40D00B0CAF6 /* SweepHit.cpp */,
				575B12821D22C40D00B0CAF6 /* TrapezoidHit.hpp */,
				575B12811D22C40D00B0CAF6 /* TrapezoidHit.cpp */,
				575B12841D22C40D00B0CAF6 /* TriangleHit.hpp */,
				575B12831D22C40D00B0CAF6 /* TriangleHit.cpp */,
				575B12861D22C40D00B0CAF6 /* TunnelHit.hpp */,
				575B12851D22C40D00B0CAF6 /* TunnelHit.cpp */,
				575B12881D22C40D00B0CAF6 /* WaveColumnHit.hpp */,
				575B12871D22C40D00B0CAF6 /* WaveColumnHit.cpp */,
			);
			name = Hits;
			sourceTree = "<group>";
		};
		575B12A21D22C41E00B0CAF6 /* Tools */ = {
			isa = PBXGroup;
			children = (
				575B125E1D22C40D00B0CAF6 /* Buckshot.hpp */,
				575B125D1D22C40D00B0CAF6 /* Buckshot.cpp */,
				575B126C1D22C40D00B0CAF6 /* Grape.hpp */,
				575B126B1D22C40D00B0CAF6 /* Grape.cpp */,
				575B12741D22C40D00B0CAF6 /* QuickLine.hpp */,
				575B12731D22C40D00B0CAF6 /* QuickLine.cpp */,
			);
			name = Tools;
			sourceTree = "<group>";
		};
		575B12A31D22C42300B0CAF6 /* Markers */ = {
			isa = PBXGroup;
			children = (
				575B127E1D22C40D00B0CAF6 /* StepModeIcons.hpp */,
				575B127D1D22C40D00B0CAF6 /* StepModeIcons.cpp */,
				575B125C1D22C40D00B0CAF6 /* BeatMarker.hpp */,
				575B125B1D22C40D00B0CAF6 /* BeatMarker.cpp */,
				575B12A81D230A3600B0CAF6 /* TouchGeneralButton.hpp */,
				575B12A71D230A3600B0CAF6 /* TouchGeneralButton.cpp */,
				575AFCE71D26E8D10071366D /* SoundButton.hpp */,
				575AFCE61D26E8D10071366D /* SoundButton.cpp */,
			);
			name = Markers;
			sourceTree = "<group>";
		};
		57F243931EE5CC8900FE7F4E /* ofxMaxim */ = {
			isa = PBXGroup;
			children = (
				57F243941EE5CC8900FE7F4E /* install.xml */,
				57F243951EE5CC8900FE7F4E /* libs */,
				57F243A71EE5CC8900FE7F4E /* src */,
			);
			name = ofxMaxim;
			path = ../ofxMaxim;
			sourceTree = "<group>";
		};
		57F243951EE5CC8900FE7F4E /* libs */ = {
			isa = PBXGroup;
			children = (
				57F243961EE5CC8900FE7F4E /* fft.cpp */,
				57F243971EE5CC8900FE7F4E /* fft.h */,
				57F243981EE5CC8900FE7F4E /* maxiAtoms.cpp */,
				57F243991EE5CC8900FE7F4E /* maxiAtoms.h */,
				57F2439A1EE5CC8900FE7F4E /* maxiBark.cpp */,
				57F2439B1EE5CC8900FE7F4E /* maxiBark.h */,
				57F2439C1EE5CC8900FE7F4E /* maxiFFT.cpp */,
				57F2439D1EE5CC8900FE7F4E /* maxiFFT.h */,
				57F2439E1EE5CC8900FE7F4E /* maxiGrains.cpp */,
				57F2439F1EE5CC8900FE7F4E /* maxiGrains.h */,
				57F243A01EE5CC8900FE7F4E /* maxiMFCC.cpp */,
				57F243A11EE5CC8900FE7F4E /* maxiMFCC.h */,
				57F243A21EE5CC8900FE7F4E /* maximilian.cpp */,
				57F243A31EE5CC8900FE7F4E /* maximilian.h */,
				57F243A41EE5CC8900FE7F4E /* sineTable.h */,
				57F243A51EE5CC8900FE7F4E /* stb_vorbis.c */,
				57F243A61EE5CC8900FE7F4E /* stb_vorbis.h */,
			);
			path = libs;
			sourceTree = "<group>";
		};
		57F243A71EE5CC8900FE7F4E /* src */ = {
			isa = PBXGroup;
			children = (
				57F243A81EE5CC8900FE7F4E /* ofxMaxim.h */,
			);
			path = src;
			sourceTree = "<group>";
		};
		6948EE371B920CB800B5AC1A /* local_addons */ = {
			isa = PBXGroup;
			children = (
			);
			name = local_addons;
			sourceTree = "<group>";
		};
		BB16E9930F2B1E5900518274 /* libs */ = {
			isa = PBXGroup;
			children = (
				BBE5E94E0F497BD800F28951 /* core */,
			);
			name = libs;
			sourceTree = "<group>";
		};
		BB16F26B0F2B646B00518274 /* addons */ = {
			isa = PBXGroup;
			children = (
				57F243931EE5CC8900FE7F4E /* ofxMaxim */,
			);
			name = addons;
			sourceTree = "<group>";
		};
		BB24E1F710DAA51900E9C588 /* openFrameworks */ = {
			isa = PBXGroup;
			children = (
				E41D40FD13B3A0D800A75A5D /* iOS+OFLib.xcodeproj */,
				32CA4F630368D1EE00C91783 /* ofxiOS_Prefix.pch */,
				BB24DDC910DA781C00E9C588 /* ofxiOS-Info.plist */,
				E41D3EE513B3906D00A75A5D /* CoreOF.xcconfig */,
				6948EE371B920CB800B5AC1A /* local_addons */,
				E41D3ED613B38FB500A75A5D /* Project.xcconfig */,
			);
			name = openFrameworks;
			sourceTree = "<group>";
		};
		BBE5E94E0F497BD800F28951 /* core */ = {
			isa = PBXGroup;
			children = (
				29B97323FDCFA39411CA2CEA /* core frameworks */,
			);
			name = core;
			sourceTree = "<group>";
		};
		E41D40FE13B3A0D800A75A5D /* Products */ = {
			isa = PBXGroup;
			children = (
				E41D410213B3A0D800A75A5D /* libofxiOS_iphoneos_Debug.a */,
			);
			name = Products;
			sourceTree = "<group>";
		};
		E4D8936A11527B74007E1F53 /* src */ = {
			isa = PBXGroup;
			children = (
				575B12A41D22C82D00B0CAF6 /* SystemSpecificInfo.h */,
				E4D8936B11527B74007E1F53 /* main.mm */,
				E4D8936C11527B74007E1F53 /* ofApp.h */,
				E4D8936D11527B74007E1F53 /* ofApp.mm */,
				575B12A01D22C41300B0CAF6 /* project */,
				57C9BA5E1D2C3A61006E20B3 /* Bpm.hpp */,
				57C9BA5D1D2C3A61006E20B3 /* Bpm.cpp */,
				573FF8041EE5A16400A85A70 /* Bpm2.hpp */,
				573FF8031EE5A16400A85A70 /* Bpm2.cpp */,
				577FD6F81E74ACAC007E7E51 /* Logo.hpp */,
				577FD6F71E74ACAC007E7E51 /* Logo.cpp */,
			);
			path = src;
			sourceTree = SOURCE_ROOT;
		};
/* End PBXGroup section */

/* Begin PBXNativeTarget section */
		1D6058900D05DD3D006BFB54 /* sequncer */ = {
			isa = PBXNativeTarget;
			buildConfigurationList = 1D6058960D05DD3E006BFB54 /* Build configuration list for PBXNativeTarget "sequncer" */;
			buildPhases = (
				1D60588D0D05DD3D006BFB54 /* Resources */,
				1D60588E0D05DD3D006BFB54 /* Sources */,
				1D60588F0D05DD3D006BFB54 /* Frameworks */,
				9255DD331112741900D6945E /* ShellScript */,
			);
			buildRules = (
			);
			dependencies = (
				E41D410413B3A11300A75A5D /* PBXTargetDependency */,
			);
			name = sequncer;
			productName = iPhone;
			productReference = 1D6058910D05DD3D006BFB54 /* sequncer.app */;
			productType = "com.apple.product-type.application";
		};
/* End PBXNativeTarget section */

/* Begin PBXProject section */
		29B97313FDCFA39411CA2CEA /* Project object */ = {
			isa = PBXProject;
			attributes = {
				LastUpgradeCheck = 0600;
				TargetAttributes = {
					1D6058900D05DD3D006BFB54 = {
						DevelopmentTeam = 73854WS9JU;
						ProvisioningStyle = Automatic;
						SystemCapabilities = {
							com.apple.Maps.iOS = {
								enabled = 0;
							};
						};
					};
				};
			};
			buildConfigurationList = C01FCF4E08A954540054247B /* Build configuration list for PBXProject "bleepspace" */;
			compatibilityVersion = "Xcode 3.2";
			developmentRegion = English;
			hasScannedForEncodings = 1;
			knownRegions = (
				English,
				Japanese,
				French,
				German,
			);
			mainGroup = 29B97314FDCFA39411CA2CEA /* CustomTemplate */;
			projectDirPath = "";
			projectReferences = (
				{
					ProductGroup = E41D40FE13B3A0D800A75A5D /* Products */;
					ProjectRef = E41D40FD13B3A0D800A75A5D /* iOS+OFLib.xcodeproj */;
				},
			);
			projectRoot = "";
			targets = (
				1D6058900D05DD3D006BFB54 /* sequncer */,
			);
		};
/* End PBXProject section */

/* Begin PBXReferenceProxy section */
		E41D410213B3A0D800A75A5D /* libofxiOS_iphoneos_Debug.a */ = {
			isa = PBXReferenceProxy;
			fileType = archive.ar;
			path = libofxiOS_iphoneos_Debug.a;
			remoteRef = E41D410113B3A0D800A75A5D /* PBXContainerItemProxy */;
			sourceTree = BUILT_PRODUCTS_DIR;
		};
/* End PBXReferenceProxy section */

/* Begin PBXResourcesBuildPhase section */
		1D60588D0D05DD3D006BFB54 /* Resources */ = {
			isa = PBXResourcesBuildPhase;
			buildActionMask = 2147483647;
			files = (
				678E130C1795153C005B6D19 /* Default.png in Resources */,
				57408B991D2F073300D545EC /* Images.xcassets in Resources */,
				678E130E17951540005B6D19 /* Default@2x.png in Resources */,
				571D05E31EAE69B900D4D143 /* Launch Screen.storyboard in Resources */,
				678E131017951549005B6D19 /* Default-568h@2x~iphone.png in Resources */,
				57F243A91EE5CC8900FE7F4E /* install.xml in Resources */,
			);
			runOnlyForDeploymentPostprocessing = 0;
		};
/* End PBXResourcesBuildPhase section */

/* Begin PBXShellScriptBuildPhase section */
		9255DD331112741900D6945E /* ShellScript */ = {
			isa = PBXShellScriptBuildPhase;
			buildActionMask = 2147483647;
			files = (
			);
			inputPaths = (
			);
			outputPaths = (
			);
			runOnlyForDeploymentPostprocessing = 0;
			shellPath = /bin/sh;
			shellScript = "rsync -avz --exclude='.DS_Store' \"${SRCROOT}/bin/data/\" \"${TARGET_BUILD_DIR}/${UNLOCALIZED_RESOURCES_FOLDER_PATH}\"";
		};
/* End PBXShellScriptBuildPhase section */

/* Begin PBXSourcesBuildPhase section */
		1D60588E0D05DD3D006BFB54 /* Sources */ = {
			isa = PBXSourcesBuildPhase;
			buildActionMask = 2147483647;
			files = (
				575AFCE81D26E8D10071366D /* SoundButton.cpp in Sources */,
				575B129B1D22C40D00B0CAF6 /* SweepHit.cpp in Sources */,
				575B12901D22C40D00B0CAF6 /* DrunkTriangleHit.cpp in Sources */,
				575B12A91D230A3600B0CAF6 /* TouchGeneralButton.cpp in Sources */,
				575B12951D22C40D00B0CAF6 /* QuickLine.cpp in Sources */,
				575B12921D22C40D00B0CAF6 /* GrapesHit.cpp in Sources */,
				57F243AA1EE5CC8900FE7F4E /* fft.cpp in Sources */,
				57F243AB1EE5CC8900FE7F4E /* maxiAtoms.cpp in Sources */,
				575B129A1D22C40D00B0CAF6 /* StepModeIcons.cpp in Sources */,
				5733E94D1D319A47002EC812 /* AboutScreen.cpp in Sources */,
				57F243B11EE5CC8900FE7F4E /* stb_vorbis.c in Sources */,
				575B128A1D22C40D00B0CAF6 /* Buckshot.cpp in Sources */,
				5733E94E1D319A47002EC812 /* BounceWord.cpp in Sources */,
				57F243AC1EE5CC8900FE7F4E /* maxiBark.cpp in Sources */,
				573FF8051EE5A16400A85A70 /* Bpm2.cpp in Sources */,
				575B128F1D22C40D00B0CAF6 /* DotPolygonHit.cpp in Sources */,
				575B12911D22C40D00B0CAF6 /* Grape.cpp in Sources */,
				575B129F1D22C40D00B0CAF6 /* WaveColumnHit.cpp in Sources */,
				575B12931D22C40D00B0CAF6 /* Hit.cpp in Sources */,
				575B129E1D22C40D00B0CAF6 /* TunnelHit.cpp in Sources */,
				57F243AD1EE5CC8900FE7F4E /* maxiFFT.cpp in Sources */,
				575B12991D22C40D00B0CAF6 /* SquareHit.cpp in Sources */,
				575B129D1D22C40D00B0CAF6 /* TriangleHit.cpp in Sources */,
				57F243AE1EE5CC8900FE7F4E /* maxiGrains.cpp in Sources */,
				575B12891D22C40D00B0CAF6 /* BeatMarker.cpp in Sources */,
				575B12961D22C40D00B0CAF6 /* Sequencer.cpp in Sources */,
				E4D8936E11527B74007E1F53 /* main.mm in Sources */,
				57C9BA5F1D2C3A61006E20B3 /* Bpm.cpp in Sources */,
				575B129C1D22C40D00B0CAF6 /* TrapezoidHit.cpp in Sources */,
				5733E94F1D319A47002EC812 /* FillCircle.cpp in Sources */,
				E4D8936F11527B74007E1F53 /* ofApp.mm in Sources */,
				575B128D1D22C40D00B0CAF6 /* ClapHit.cpp in Sources */,
				575B128B1D22C40D00B0CAF6 /* BuckshotHit.cpp in Sources */,
				577FD6F91E74ACAC007E7E51 /* Logo.cpp in Sources */,
				575B128E1D22C40D00B0CAF6 /* CrystalHit.cpp in Sources */,
				575B12981D22C40D00B0CAF6 /* SlashHit.cpp in Sources */,
				57F243AF1EE5CC8900FE7F4E /* maxiMFCC.cpp in Sources */,
				575B128C1D22C40D00B0CAF6 /* ChaserHit.cpp in Sources */,
				575B12971D22C40D00B0CAF6 /* SizzleHit.cpp in Sources */,
				57F243B01EE5CC8900FE7F4E /* maximilian.cpp in Sources */,
			);
			runOnlyForDeploymentPostprocessing = 0;
		};
/* End PBXSourcesBuildPhase section */

/* Begin PBXTargetDependency section */
		E41D410413B3A11300A75A5D /* PBXTargetDependency */ = {
			isa = PBXTargetDependency;
			name = "iPhone+OF Static Library";
			targetProxy = E41D410313B3A11300A75A5D /* PBXContainerItemProxy */;
		};
/* End PBXTargetDependency section */

/* Begin XCBuildConfiguration section */
		1D6058940D05DD3E006BFB54 /* Debug */ = {
			isa = XCBuildConfiguration;
			buildSettings = {
				ALWAYS_SEARCH_USER_PATHS = YES;
				ASSETCATALOG_COMPILER_APPICON_NAME = AppIcon;
				ASSETCATALOG_COMPILER_LAUNCHIMAGE_NAME = LaunchImage;
				"CODE_SIGN_IDENTITY[sdk=iphoneos*]" = "iPhone Developer";
				DEVELOPMENT_TEAM = 73854WS9JU;
				GCC_PRECOMPILE_PREFIX_HEADER = YES;
				GCC_PREFIX_HEADER = ofxiOS_Prefix.pch;
				"GCC_WARN_64_TO_32_BIT_CONVERSION[arch=*64]" = NO;
				INFOPLIST_FILE = "ofxiOS-Info.plist";
				IPHONEOS_DEPLOYMENT_TARGET = 8.0;
				PRODUCT_BUNDLE_IDENTIFIER = com.andymakes.bleepspace;
				PRODUCT_NAME = sequncer;
				TARGETED_DEVICE_FAMILY = "1,2";
				VALID_ARCHS = "$(ARCHS_STANDARD)";
			};
			name = Debug;
		};
		1D6058950D05DD3E006BFB54 /* Release */ = {
			isa = XCBuildConfiguration;
			buildSettings = {
				ASSETCATALOG_COMPILER_APPICON_NAME = AppIcon;
				ASSETCATALOG_COMPILER_LAUNCHIMAGE_NAME = LaunchImage;
				"CODE_SIGN_IDENTITY[sdk=iphoneos*]" = "iPhone Developer";
				DEVELOPMENT_TEAM = 73854WS9JU;
				GCC_PRECOMPILE_PREFIX_HEADER = YES;
				GCC_PREFIX_HEADER = ofxiOS_Prefix.pch;
				"GCC_WARN_64_TO_32_BIT_CONVERSION[arch=*64]" = NO;
				INFOPLIST_FILE = "ofxiOS-Info.plist";
				IPHONEOS_DEPLOYMENT_TARGET = 8.0;
				PRODUCT_BUNDLE_IDENTIFIER = com.andymakes.bleepspace;
				PRODUCT_NAME = sequncer;
				TARGETED_DEVICE_FAMILY = "1,2";
				VALID_ARCHS = "$(ARCHS_STANDARD)";
			};
			name = Release;
		};
		C01FCF4F08A954540054247B /* Debug */ = {
			isa = XCBuildConfiguration;
			baseConfigurationReference = E41D3ED613B38FB500A75A5D /* Project.xcconfig */;
			buildSettings = {
				ALWAYS_SEARCH_USER_PATHS = YES;
				CLANG_CXX_LIBRARY = "libc++";
				CODE_SIGN_IDENTITY = "";
				"CODE_SIGN_IDENTITY[sdk=iphoneos*]" = "iPhone Developer";
				"CODE_SIGN_IDENTITY[sdk=iphonesimulator*]" = "";
				COMPRESS_PNG_FILES = NO;
				GCC_C_LANGUAGE_STANDARD = c11;
				GCC_OPTIMIZATION_LEVEL = 0;
				GCC_SYMBOLS_PRIVATE_EXTERN = NO;
				"GCC_WARN_64_TO_32_BIT_CONVERSION[arch=*64]" = NO;
				GCC_WARN_ABOUT_INVALID_OFFSETOF_MACRO = NO;
				GCC_WARN_ABOUT_POINTER_SIGNEDNESS = NO;
				GCC_WARN_ABOUT_RETURN_TYPE = YES;
				GCC_WARN_ALLOW_INCOMPLETE_PROTOCOL = NO;
				GCC_WARN_PROTOTYPE_CONVERSION = NO;
				GCC_WARN_UNUSED_VARIABLE = YES;
				HEADER_SEARCH_PATHS = (
					"$(OF_CORE_HEADERS)",
					src,
				);
				IPHONEOS_DEPLOYMENT_TARGET = 5.1.1;
				ONLY_ACTIVE_ARCH = NO;
				"PROVISIONING_PROFILE[sdk=iphoneos*]" = "";
				SDKROOT = iphoneos;
				TARGETED_DEVICE_FAMILY = 1;
				VALID_ARCHS = "$(ARCHS_STANDARD)";
				WARNING_LDFLAGS = "-no_arch_warnings";
			};
			name = Debug;
		};
		C01FCF5008A954540054247B /* Release */ = {
			isa = XCBuildConfiguration;
			baseConfigurationReference = E41D3ED613B38FB500A75A5D /* Project.xcconfig */;
			buildSettings = {
				ALWAYS_SEARCH_USER_PATHS = YES;
				CLANG_CXX_LIBRARY = "libc++";
				CODE_SIGN_IDENTITY = "";
				"CODE_SIGN_IDENTITY[sdk=iphoneos*]" = "iPhone Developer";
				"CODE_SIGN_IDENTITY[sdk=iphonesimulator*]" = "";
				COMPRESS_PNG_FILES = NO;
				GCC_C_LANGUAGE_STANDARD = c11;
				GCC_DYNAMIC_NO_PIC = NO;
				GCC_GENERATE_DEBUGGING_SYMBOLS = NO;
				GCC_OPTIMIZATION_LEVEL = s;
				GCC_SYMBOLS_PRIVATE_EXTERN = NO;
				GCC_THUMB_SUPPORT = NO;
				"GCC_WARN_64_TO_32_BIT_CONVERSION[arch=*64]" = NO;
				GCC_WARN_ABOUT_RETURN_TYPE = YES;
				GCC_WARN_UNUSED_VARIABLE = YES;
				HEADER_SEARCH_PATHS = (
					"$(OF_CORE_HEADERS)",
					src,
				);
				IPHONEOS_DEPLOYMENT_TARGET = 5.1.1;
				ONLY_ACTIVE_ARCH = NO;
				SDKROOT = iphoneos;
				TARGETED_DEVICE_FAMILY = 1;
				VALID_ARCHS = "$(ARCHS_STANDARD)";
				WARNING_LDFLAGS = "-no_arch_warnings";
			};
			name = Release;
		};
/* End XCBuildConfiguration section */

/* Begin XCConfigurationList section */
		1D6058960D05DD3E006BFB54 /* Build configuration list for PBXNativeTarget "sequncer" */ = {
			isa = XCConfigurationList;
			buildConfigurations = (
				1D6058940D05DD3E006BFB54 /* Debug */,
				1D6058950D05DD3E006BFB54 /* Release */,
			);
			defaultConfigurationIsVisible = 0;
			defaultConfigurationName = Release;
		};
		C01FCF4E08A954540054247B /* Build configuration list for PBXProject "bleepspace" */ = {
			isa = XCConfigurationList;
			buildConfigurations = (
				C01FCF4F08A954540054247B /* Debug */,
				C01FCF5008A954540054247B /* Release */,
			);
			defaultConfigurationIsVisible = 0;
			defaultConfigurationName = Release;
		};
/* End XCConfigurationList section */
	};
	rootObject = 29B97313FDCFA39411CA2CEA /* Project object */;
}
